
Microsoft Visual Studio Solution File, Format Version 12.00
# Visual Studio Version 17
VisualStudioVersion = 17.14.36717.8 d17.14
MinimumVisualStudioVersion = 10.0.40219.1
Project("{FAE04EC0-301F-11D3-BF4B-00C04F79EFBC}") = "Desafio Target Sistemas", "Desafio Target Sistemas\Desafio Target Sistemas.csproj", "{E5CCEDA0-BC63-46E8-85AC-4894A3460A3C}"
EndProject
Global
	GlobalSection(SolutionConfigurationPlatforms) = preSolution
		Debug|Any CPU = Debug|Any CPU
		Release|Any CPU = Release|Any CPU
	EndGlobalSection
	GlobalSection(ProjectConfigurationPlatforms) = postSolution
		{E5CCEDA0-BC63-46E8-85AC-4894A3460A3C}.Debug|Any CPU.ActiveCfg = Debug|Any CPU
		{E5CCEDA0-BC63-46E8-85AC-4894A3460A3C}.Debug|Any CPU.Build.0 = Debug|Any CPU
		{E5CCEDA0-BC63-46E8-85AC-4894A3460A3C}.Release|Any CPU.ActiveCfg = Release|Any CPU
		{E5CCEDA0-BC63-46E8-85AC-4894A3460A3C}.Release|Any CPU.Build.0 = Release|Any CPU
	EndGlobalSection
	GlobalSection(SolutionProperties) = preSolution
		HideSolutionNode = FALSE
	EndGlobalSection
	GlobalSection(ExtensibilityGlobals) = postSolution
		SolutionGuid = {4E1F1EDA-F129-450D-ABB3-C89873C1928A}
	EndGlobalSection
EndGlobal
